# THIS IS AN AUTOGENERATED FILE. DO NOT EDIT THIS FILE DIRECTLY.
# yarn lockfile v1


"@types/prop-types@*":
  version "15.7.1"
  resolved "https://registry.yarnpkg.com/@types/prop-types/-/prop-types-15.7.1.tgz#f1a11e7babb0c3cad68100be381d1e064c68f1f6"
  integrity sha512-CFzn9idOEpHrgdw8JsoTkaDDyRWk1jrzIV8djzcgpq0y9tG4B4lFT+Nxh52DVpDXV+n4+NPNv7M1Dj5uMp6XFg==

"@types/react-native@^0.57.46":
  version "0.57.51"
  resolved "https://registry.yarnpkg.com/@types/react-native/-/react-native-0.57.51.tgz#adcb02141734b72822848351be734971e508f5f1"
  integrity sha512-0LkXPeV1Hn+5zZ0BE6RBrBJTpM2P4S+306H9lKdi220PHFwMtHt1k8SiQpqUA2yjpi+c6pFIq6H2zZGusPHT9w==
  dependencies:
    "@types/prop-types" "*"
    "@types/react" "*"

"@types/react@*", "@types/react@^16.8.14":
  version "16.8.16"
  resolved "https://registry.yarnpkg.com/@types/react/-/react-16.8.16.tgz#2bf980b4fb29cceeb01b2c139b3e185e57d3e08e"
  integrity sha512-A0+6kS6zwPtvubOLiCJmZ8li5bm3wKIkoKV0h3RdMDOnCj9cYkUnj3bWbE03/lcICdQmwBmUfoFiHeNhbFiyHQ==
  dependencies:
    "@types/prop-types" "*"
    csstype "^2.2.0"

csstype@^2.2.0:
  version "2.6.4"
  resolved "https://registry.yarnpkg.com/csstype/-/csstype-2.6.4.tgz#d585a6062096e324e7187f80e04f92bd0f00e37f"
  integrity sha512-lAJUJP3M6HxFXbqtGRc0iZrdyeN+WzOWeY0q/VnFzI+kqVrYIzC7bWlKqCW7oCIdzoPkvfp82EVvrTlQ8zsWQg==

"rn-notifier@https://github.com/thaitanloi365/rn-notifier.git":
  version "1.0.0"
  resolved "https://github.com/thaitanloi365/rn-notifier.git#4323f33dcb25587e6c3ff6a7bf327d8ff0b5221a"
